
Microsoft Visual Studio Solution File, Format Version 12.00
# Visual Studio Version 16
VisualStudioVersion = 16.0.31613.86
MinimumVisualStudioVersion = 10.0.40219.1
Project("{FAE04EC0-301F-11D3-BF4B-00C04F79EFBC}") = "CSBasic6", "CSBasic6\CSBasic6.csproj", "{83441C1C-405F-45DB-B05B-101DE8737B04}"
EndProject
Global
	GlobalSection(SolutionConfigurationPlatforms) = preSolution
		Debug|Any CPU = Debug|Any CPU
		Release|Any CPU = Release|Any CPU
	EndGlobalSection
	GlobalSection(ProjectConfigurationPlatforms) = postSolution
		{83441C1C-405F-45DB-B05B-101DE8737B04}.Debug|Any CPU.ActiveCfg = Debug|Any CPU
		{83441C1C-405F-45DB-B05B-101DE8737B04}.Debug|Any CPU.Build.0 = Debug|Any CPU
		{83441C1C-405F-45DB-B05B-101DE8737B04}.Release|Any CPU.ActiveCfg = Release|Any CPU
		{83441C1C-405F-45DB-B05B-101DE8737B04}.Release|Any CPU.Build.0 = Release|Any CPU
	EndGlobalSection
	GlobalSection(SolutionProperties) = preSolution
		HideSolutionNode = FALSE
	EndGlobalSection
	GlobalSection(ExtensibilityGlobals) = postSolution
		SolutionGuid = {C16E47CD-0907-4F02-AA40-28B5C08DF8CE}
	EndGlobalSection
EndGlobal
