
Microsoft Visual Studio Solution File, Format Version 12.00
# Visual Studio Version 16
VisualStudioVersion = 16.0.31205.134
MinimumVisualStudioVersion = 10.0.40219.1
Project("{FAE04EC0-301F-11D3-BF4B-00C04F79EFBC}") = "CSBasic3", "CSBasic3\CSBasic3.csproj", "{77CCC1CF-CC4A-4A6C-97C4-B945A8FFCD2C}"
EndProject
Global
	GlobalSection(SolutionConfigurationPlatforms) = preSolution
		Debug|Any CPU = Debug|Any CPU
		Release|Any CPU = Release|Any CPU
	EndGlobalSection
	GlobalSection(ProjectConfigurationPlatforms) = postSolution
		{77CCC1CF-CC4A-4A6C-97C4-B945A8FFCD2C}.Debug|Any CPU.ActiveCfg = Debug|Any CPU
		{77CCC1CF-CC4A-4A6C-97C4-B945A8FFCD2C}.Debug|Any CPU.Build.0 = Debug|Any CPU
		{77CCC1CF-CC4A-4A6C-97C4-B945A8FFCD2C}.Release|Any CPU.ActiveCfg = Release|Any CPU
		{77CCC1CF-CC4A-4A6C-97C4-B945A8FFCD2C}.Release|Any CPU.Build.0 = Release|Any CPU
	EndGlobalSection
	GlobalSection(SolutionProperties) = preSolution
		HideSolutionNode = FALSE
	EndGlobalSection
	GlobalSection(ExtensibilityGlobals) = postSolution
		SolutionGuid = {CBB4A340-37E0-445D-B282-CB96B4BD7B25}
	EndGlobalSection
EndGlobal
