
Microsoft Visual Studio Solution File, Format Version 12.00
# Visual Studio Version 16
VisualStudioVersion = 16.0.31205.134
MinimumVisualStudioVersion = 10.0.40219.1
Project("{FAE04EC0-301F-11D3-BF4B-00C04F79EFBC}") = "WindowsFormsApp1", "WindowsFormsApp1\WindowsFormsApp1.csproj", "{EB6F36FA-FE02-4754-97EC-F559DD0E7682}"
EndProject
Global
	GlobalSection(SolutionConfigurationPlatforms) = preSolution
		Debug|Any CPU = Debug|Any CPU
		Release|Any CPU = Release|Any CPU
	EndGlobalSection
	GlobalSection(ProjectConfigurationPlatforms) = postSolution
		{EB6F36FA-FE02-4754-97EC-F559DD0E7682}.Debug|Any CPU.ActiveCfg = Debug|Any CPU
		{EB6F36FA-FE02-4754-97EC-F559DD0E7682}.Debug|Any CPU.Build.0 = Debug|Any CPU
		{EB6F36FA-FE02-4754-97EC-F559DD0E7682}.Release|Any CPU.ActiveCfg = Release|Any CPU
		{EB6F36FA-FE02-4754-97EC-F559DD0E7682}.Release|Any CPU.Build.0 = Release|Any CPU
	EndGlobalSection
	GlobalSection(SolutionProperties) = preSolution
		HideSolutionNode = FALSE
	EndGlobalSection
	GlobalSection(ExtensibilityGlobals) = postSolution
		SolutionGuid = {3981606F-BEAE-487E-B827-ADB582735370}
	EndGlobalSection
EndGlobal
